{
  "name": "serverless-template",
  "version": "1.0.0",
  "lockfileVersion": 1,
  "requires": true,
  "dependencies": {
    "lodash": {
      "version": "4.17.15",
      "resolved": "https://registry.npmjs.org/lodash/-/lodash-4.17.15.tgz",
      "integrity": "sha512-8xOcRHvCjnocdS5cpwXQXVzmmh5e5+saE2QGoeQmbKmRS6J3VQppPOIt0MnmE+4xlZoumy0GPG0D0MVIQbNA1A=="
    },
    "serverless-plugin-aws-alerts": {
      "version": "1.4.0",
      "resolved": "https://registry.npmjs.org/serverless-plugin-aws-alerts/-/serverless-plugin-aws-alerts-1.4.0.tgz",
      "integrity": "sha512-4ChkFVVi3X4NeqgdxAhaVha8LnXrH8kadMm5iV1TMyOr/zNdjo9NoRCLnHkspODO4f2uqwlEiMuh9yUrT6s7PA==",
      "requires": {
        "lodash": "^4.17.10"
      }
    }
  }
}
